
Microsoft Visual Studio Solution File, Format Version 12.00
# Visual Studio Version 17
VisualStudioVersion = 17.3.32819.101
MinimumVisualStudioVersion = 10.0.40219.1
Project("{9A19103F-16F7-4668-BE54-9A1E7A4F7556}") = "Crypcy.Console", "src-legacy\Crypcy.Console\Crypcy.Console.csproj", "{26E1B988-43D8-4DCD-8DA4-9CFD91ED75C3}"
EndProject
Project("{9A19103F-16F7-4668-BE54-9A1E7A4F7556}") = "Crypcy.Network", "src-legacy\Crypcy.Network\Crypcy.Network.csproj", "{55C93CEB-69A3-4B58-B2D9-40D319DE8446}"
EndProject
Project("{2150E333-8FDC-42A3-9474-1A3956D46DE8}") = "src", "src", "{15578C7A-ABD0-4D33-A167-BEB43E7E0BAC}"
EndProject
Project("{9A19103F-16F7-4668-BE54-9A1E7A4F7556}") = "Crypcy.NodeConsole", "src\Crypcy.NodeConsole\Crypcy.NodeConsole.csproj", "{D45E899D-3E55-40F9-AE30-D129618A8B96}"
EndProject
Project("{2150E333-8FDC-42A3-9474-1A3956D46DE8}") = "ApplicationCore", "ApplicationCore", "{F2347B4B-8727-4243-A8EC-5F6FC9ECD045}"
EndProject
Project("{9A19103F-16F7-4668-BE54-9A1E7A4F7556}") = "Crypcy.ApplicationCore.Contracts", "src\Crypcy.ApplicationCore.Contracts\Crypcy.ApplicationCore.Contracts.csproj", "{5A3E3ED5-B958-4F48-A4AD-CDDACA906365}"
EndProject
Project("{9A19103F-16F7-4668-BE54-9A1E7A4F7556}") = "Crypcy.ApplicationCore", "src\Crypcy.ApplicationCore\Crypcy.ApplicationCore.csproj", "{EDC35FDE-4FB3-4819-80F6-C2E0D15A1D05}"
EndProject
Project("{9A19103F-16F7-4668-BE54-9A1E7A4F7556}") = "Crypcy.Communication.Network", "src\Crypcy.Communication.Network\Crypcy.Communication.Network.csproj", "{CD9B9F39-E773-4874-A54D-73FFF3EB1D3E}"
EndProject
Project("{9A19103F-16F7-4668-BE54-9A1E7A4F7556}") = "Crypcy.NodeUI", "src\Crypcy.NodeUI\Crypcy.NodeUI.csproj", "{E9302D4D-FF3A-4010-96B0-849293C074CD}"
EndProject
Project("{2150E333-8FDC-42A3-9474-1A3956D46DE8}") = "src-legacy", "src-legacy", "{47EC3698-1AA0-4F98-AFB8-CF640C9967E5}"
	ProjectSection(SolutionItems) = preProject
		src\Crypcy.NodeUI\MauiProgram.cs = src\Crypcy.NodeUI\MauiProgram.cs
	EndProjectSection
EndProject
Global
	GlobalSection(SolutionConfigurationPlatforms) = preSolution
		Debug|Any CPU = Debug|Any CPU
		Release|Any CPU = Release|Any CPU
	EndGlobalSection
	GlobalSection(ProjectConfigurationPlatforms) = postSolution
		{26E1B988-43D8-4DCD-8DA4-9CFD91ED75C3}.Debug|Any CPU.ActiveCfg = Debug|Any CPU
		{26E1B988-43D8-4DCD-8DA4-9CFD91ED75C3}.Debug|Any CPU.Build.0 = Debug|Any CPU
		{26E1B988-43D8-4DCD-8DA4-9CFD91ED75C3}.Release|Any CPU.ActiveCfg = Release|Any CPU
		{26E1B988-43D8-4DCD-8DA4-9CFD91ED75C3}.Release|Any CPU.Build.0 = Release|Any CPU
		{55C93CEB-69A3-4B58-B2D9-40D319DE8446}.Debug|Any CPU.ActiveCfg = Debug|Any CPU
		{55C93CEB-69A3-4B58-B2D9-40D319DE8446}.Debug|Any CPU.Build.0 = Debug|Any CPU
		{55C93CEB-69A3-4B58-B2D9-40D319DE8446}.Release|Any CPU.ActiveCfg = Release|Any CPU
		{55C93CEB-69A3-4B58-B2D9-40D319DE8446}.Release|Any CPU.Build.0 = Release|Any CPU
		{D45E899D-3E55-40F9-AE30-D129618A8B96}.Debug|Any CPU.ActiveCfg = Debug|Any CPU
		{D45E899D-3E55-40F9-AE30-D129618A8B96}.Debug|Any CPU.Build.0 = Debug|Any CPU
		{D45E899D-3E55-40F9-AE30-D129618A8B96}.Release|Any CPU.ActiveCfg = Release|Any CPU
		{D45E899D-3E55-40F9-AE30-D129618A8B96}.Release|Any CPU.Build.0 = Release|Any CPU
		{5A3E3ED5-B958-4F48-A4AD-CDDACA906365}.Debug|Any CPU.ActiveCfg = Debug|Any CPU
		{5A3E3ED5-B958-4F48-A4AD-CDDACA906365}.Debug|Any CPU.Build.0 = Debug|Any CPU
		{5A3E3ED5-B958-4F48-A4AD-CDDACA906365}.Release|Any CPU.ActiveCfg = Release|Any CPU
		{5A3E3ED5-B958-4F48-A4AD-CDDACA906365}.Release|Any CPU.Build.0 = Release|Any CPU
		{EDC35FDE-4FB3-4819-80F6-C2E0D15A1D05}.Debug|Any CPU.ActiveCfg = Debug|Any CPU
		{EDC35FDE-4FB3-4819-80F6-C2E0D15A1D05}.Debug|Any CPU.Build.0 = Debug|Any CPU
		{EDC35FDE-4FB3-4819-80F6-C2E0D15A1D05}.Release|Any CPU.ActiveCfg = Release|Any CPU
		{EDC35FDE-4FB3-4819-80F6-C2E0D15A1D05}.Release|Any CPU.Build.0 = Release|Any CPU
		{CD9B9F39-E773-4874-A54D-73FFF3EB1D3E}.Debug|Any CPU.ActiveCfg = Debug|Any CPU
		{CD9B9F39-E773-4874-A54D-73FFF3EB1D3E}.Debug|Any CPU.Build.0 = Debug|Any CPU
		{CD9B9F39-E773-4874-A54D-73FFF3EB1D3E}.Release|Any CPU.ActiveCfg = Release|Any CPU
		{CD9B9F39-E773-4874-A54D-73FFF3EB1D3E}.Release|Any CPU.Build.0 = Release|Any CPU
		{E9302D4D-FF3A-4010-96B0-849293C074CD}.Debug|Any CPU.ActiveCfg = Debug|Any CPU
		{E9302D4D-FF3A-4010-96B0-849293C074CD}.Debug|Any CPU.Build.0 = Debug|Any CPU
		{E9302D4D-FF3A-4010-96B0-849293C074CD}.Debug|Any CPU.Deploy.0 = Debug|Any CPU
		{E9302D4D-FF3A-4010-96B0-849293C074CD}.Release|Any CPU.ActiveCfg = Release|Any CPU
		{E9302D4D-FF3A-4010-96B0-849293C074CD}.Release|Any CPU.Build.0 = Release|Any CPU
		{E9302D4D-FF3A-4010-96B0-849293C074CD}.Release|Any CPU.Deploy.0 = Release|Any CPU
	EndGlobalSection
	GlobalSection(SolutionProperties) = preSolution
		HideSolutionNode = FALSE
	EndGlobalSection
	GlobalSection(NestedProjects) = preSolution
		{26E1B988-43D8-4DCD-8DA4-9CFD91ED75C3} = {47EC3698-1AA0-4F98-AFB8-CF640C9967E5}
		{55C93CEB-69A3-4B58-B2D9-40D319DE8446} = {47EC3698-1AA0-4F98-AFB8-CF640C9967E5}
		{D45E899D-3E55-40F9-AE30-D129618A8B96} = {15578C7A-ABD0-4D33-A167-BEB43E7E0BAC}
		{F2347B4B-8727-4243-A8EC-5F6FC9ECD045} = {15578C7A-ABD0-4D33-A167-BEB43E7E0BAC}
		{5A3E3ED5-B958-4F48-A4AD-CDDACA906365} = {F2347B4B-8727-4243-A8EC-5F6FC9ECD045}
		{EDC35FDE-4FB3-4819-80F6-C2E0D15A1D05} = {F2347B4B-8727-4243-A8EC-5F6FC9ECD045}
		{CD9B9F39-E773-4874-A54D-73FFF3EB1D3E} = {F2347B4B-8727-4243-A8EC-5F6FC9ECD045}
		{E9302D4D-FF3A-4010-96B0-849293C074CD} = {15578C7A-ABD0-4D33-A167-BEB43E7E0BAC}
	EndGlobalSection
	GlobalSection(ExtensibilityGlobals) = postSolution
		SolutionGuid = {383C5D03-8519-42E7-86EA-451918368E0E}
	EndGlobalSection
EndGlobal
